
Microsoft Visual Studio Solution File, Format Version 12.00
# Visual Studio Version 16
VisualStudioVersion = 16.0.28803.352
MinimumVisualStudioVersion = 10.0.40219.1
Project("{2150E333-8FDC-42A3-9474-1A3956D46DE8}") = "solution-items", "solution-items", "{693BBEAA-10B4-4A04-B034-48714CC96779}"
	ProjectSection(SolutionItems) = preProject
		.gitattributes = .gitattributes
		.gitignore = .gitignore
		LICENSE = LICENSE
		README.md = README.md
	EndProjectSection
EndProject
Project("{9A19103F-16F7-4668-BE54-9A1E7A4F7556}") = "MeowvBlog.API", "src\MeowvBlog.API\MeowvBlog.API.csproj", "{C5238FC2-5A56-4A29-88D5-EE8B40A54E3E}"
EndProject
Project("{9A19103F-16F7-4668-BE54-9A1E7A4F7556}") = "MeowvBlog.Web", "src\MeowvBlog.Web\MeowvBlog.Web.csproj", "{DD2FC5E3-4969-4717-82B6-1A9CA0CC984F}"
EndProject
Global
	GlobalSection(SolutionConfigurationPlatforms) = preSolution
		Debug|Any CPU = Debug|Any CPU
		Release|Any CPU = Release|Any CPU
	EndGlobalSection
	GlobalSection(ProjectConfigurationPlatforms) = postSolution
		{C5238FC2-5A56-4A29-88D5-EE8B40A54E3E}.Debug|Any CPU.ActiveCfg = Debug|Any CPU
		{C5238FC2-5A56-4A29-88D5-EE8B40A54E3E}.Debug|Any CPU.Build.0 = Debug|Any CPU
		{C5238FC2-5A56-4A29-88D5-EE8B40A54E3E}.Release|Any CPU.ActiveCfg = Release|Any CPU
		{C5238FC2-5A56-4A29-88D5-EE8B40A54E3E}.Release|Any CPU.Build.0 = Release|Any CPU
		{DD2FC5E3-4969-4717-82B6-1A9CA0CC984F}.Debug|Any CPU.ActiveCfg = Debug|Any CPU
		{DD2FC5E3-4969-4717-82B6-1A9CA0CC984F}.Debug|Any CPU.Build.0 = Debug|Any CPU
		{DD2FC5E3-4969-4717-82B6-1A9CA0CC984F}.Release|Any CPU.ActiveCfg = Release|Any CPU
		{DD2FC5E3-4969-4717-82B6-1A9CA0CC984F}.Release|Any CPU.Build.0 = Release|Any CPU
	EndGlobalSection
	GlobalSection(SolutionProperties) = preSolution
		HideSolutionNode = FALSE
	EndGlobalSection
	GlobalSection(ExtensibilityGlobals) = postSolution
		SolutionGuid = {C385E97C-BF8E-47D1-8F0F-73B201ED3405}
	EndGlobalSection
EndGlobal
