
Microsoft Visual Studio Solution File, Format Version 12.00
# Visual Studio 15
VisualStudioVersion = 15.0.27703.2042
MinimumVisualStudioVersion = 10.0.40219.1
Project("{FAE04EC0-301F-11D3-BF4B-00C04F79EFBC}") = "Meowv.Entity", "Meowv.Entity\Meowv.Entity.csproj", "{444BCFED-132B-4586-B828-A5A28FF4C1A6}"
EndProject
Project("{FAE04EC0-301F-11D3-BF4B-00C04F79EFBC}") = "Meowv.Interface", "Meowv.Interface\Meowv.Interface.csproj", "{028330EC-EDF0-48CD-B1B4-FE962AD7A934}"
EndProject
Project("{FAE04EC0-301F-11D3-BF4B-00C04F79EFBC}") = "Meowv.Provider", "Meowv.Provider\Meowv.Provider.csproj", "{33091BC7-E148-4206-9174-565C6C4D7884}"
EndProject
Project("{FAE04EC0-301F-11D3-BF4B-00C04F79EFBC}") = "Meowv.DataModel", "Meowv.DataModel\Meowv.DataModel.csproj", "{12BAADD6-8809-4379-B081-83B70FD3DB97}"
EndProject
Project("{FAE04EC0-301F-11D3-BF4B-00C04F79EFBC}") = "Meowv.Utility", "Meowv.Utility\Meowv.Utility.csproj", "{1D925B56-AAA4-4CA2-8F08-413AE6509EB8}"
EndProject
Project("{FAE04EC0-301F-11D3-BF4B-00C04F79EFBC}") = "Meowv.ViewModel", "Meowv.ViewModel\Meowv.ViewModel.csproj", "{B3091808-6D28-4E51-A13E-C22F581B6E6D}"
EndProject
Project("{FAE04EC0-301F-11D3-BF4B-00C04F79EFBC}") = "Meowv.Web", "Meowv.Web\Meowv.Web.csproj", "{43105228-6BB7-4A1C-8483-3C1CCF7C09E5}"
EndProject
Global
	GlobalSection(SolutionConfigurationPlatforms) = preSolution
		Debug|Any CPU = Debug|Any CPU
		Release|Any CPU = Release|Any CPU
	EndGlobalSection
	GlobalSection(ProjectConfigurationPlatforms) = postSolution
		{444BCFED-132B-4586-B828-A5A28FF4C1A6}.Debug|Any CPU.ActiveCfg = Debug|Any CPU
		{444BCFED-132B-4586-B828-A5A28FF4C1A6}.Debug|Any CPU.Build.0 = Debug|Any CPU
		{444BCFED-132B-4586-B828-A5A28FF4C1A6}.Release|Any CPU.ActiveCfg = Release|Any CPU
		{444BCFED-132B-4586-B828-A5A28FF4C1A6}.Release|Any CPU.Build.0 = Release|Any CPU
		{028330EC-EDF0-48CD-B1B4-FE962AD7A934}.Debug|Any CPU.ActiveCfg = Debug|Any CPU
		{028330EC-EDF0-48CD-B1B4-FE962AD7A934}.Debug|Any CPU.Build.0 = Debug|Any CPU
		{028330EC-EDF0-48CD-B1B4-FE962AD7A934}.Release|Any CPU.ActiveCfg = Release|Any CPU
		{028330EC-EDF0-48CD-B1B4-FE962AD7A934}.Release|Any CPU.Build.0 = Release|Any CPU
		{33091BC7-E148-4206-9174-565C6C4D7884}.Debug|Any CPU.ActiveCfg = Debug|Any CPU
		{33091BC7-E148-4206-9174-565C6C4D7884}.Debug|Any CPU.Build.0 = Debug|Any CPU
		{33091BC7-E148-4206-9174-565C6C4D7884}.Release|Any CPU.ActiveCfg = Release|Any CPU
		{33091BC7-E148-4206-9174-565C6C4D7884}.Release|Any CPU.Build.0 = Release|Any CPU
		{12BAADD6-8809-4379-B081-83B70FD3DB97}.Debug|Any CPU.ActiveCfg = Debug|Any CPU
		{12BAADD6-8809-4379-B081-83B70FD3DB97}.Debug|Any CPU.Build.0 = Debug|Any CPU
		{12BAADD6-8809-4379-B081-83B70FD3DB97}.Release|Any CPU.ActiveCfg = Release|Any CPU
		{12BAADD6-8809-4379-B081-83B70FD3DB97}.Release|Any CPU.Build.0 = Release|Any CPU
		{1D925B56-AAA4-4CA2-8F08-413AE6509EB8}.Debug|Any CPU.ActiveCfg = Debug|Any CPU
		{1D925B56-AAA4-4CA2-8F08-413AE6509EB8}.Debug|Any CPU.Build.0 = Debug|Any CPU
		{1D925B56-AAA4-4CA2-8F08-413AE6509EB8}.Release|Any CPU.ActiveCfg = Release|Any CPU
		{1D925B56-AAA4-4CA2-8F08-413AE6509EB8}.Release|Any CPU.Build.0 = Release|Any CPU
		{B3091808-6D28-4E51-A13E-C22F581B6E6D}.Debug|Any CPU.ActiveCfg = Debug|Any CPU
		{B3091808-6D28-4E51-A13E-C22F581B6E6D}.Debug|Any CPU.Build.0 = Debug|Any CPU
		{B3091808-6D28-4E51-A13E-C22F581B6E6D}.Release|Any CPU.ActiveCfg = Release|Any CPU
		{B3091808-6D28-4E51-A13E-C22F581B6E6D}.Release|Any CPU.Build.0 = Release|Any CPU
		{43105228-6BB7-4A1C-8483-3C1CCF7C09E5}.Debug|Any CPU.ActiveCfg = Debug|Any CPU
		{43105228-6BB7-4A1C-8483-3C1CCF7C09E5}.Debug|Any CPU.Build.0 = Debug|Any CPU
		{43105228-6BB7-4A1C-8483-3C1CCF7C09E5}.Release|Any CPU.ActiveCfg = Release|Any CPU
		{43105228-6BB7-4A1C-8483-3C1CCF7C09E5}.Release|Any CPU.Build.0 = Release|Any CPU
	EndGlobalSection
	GlobalSection(SolutionProperties) = preSolution
		HideSolutionNode = FALSE
	EndGlobalSection
	GlobalSection(ExtensibilityGlobals) = postSolution
		SolutionGuid = {A696BD9C-2D24-42E6-97C8-071F5197DA95}
	EndGlobalSection
EndGlobal
