
Microsoft Visual Studio Solution File, Format Version 12.00
# Visual Studio Version 16
VisualStudioVersion = 16.0.28803.352
MinimumVisualStudioVersion = 10.0.40219.1
Project("{2150E333-8FDC-42A3-9474-1A3956D46DE8}") = "solution-items", "solution-items", "{693BBEAA-10B4-4A04-B034-48714CC96779}"
	ProjectSection(SolutionItems) = preProject
		.gitattributes = .gitattributes
		.gitignore = .gitignore
		common.props = common.props
		LICENSE = LICENSE
		README.md = README.md
	EndProjectSection
EndProject
Project("{9A19103F-16F7-4668-BE54-9A1E7A4F7556}") = "MeowvBlog.Application", "src\MeowvBlog.Application\MeowvBlog.Application.csproj", "{02784845-C2BD-4327-BEB7-4309592EE689}"
EndProject
Project("{9A19103F-16F7-4668-BE54-9A1E7A4F7556}") = "MeowvBlog.Application.Contracts", "src\MeowvBlog.Application.Contracts\MeowvBlog.Application.Contracts.csproj", "{87892E32-A2AB-4407-B33F-C63230D77A34}"
EndProject
Project("{9A19103F-16F7-4668-BE54-9A1E7A4F7556}") = "MeowvBlog.DbMigrator", "src\MeowvBlog.DbMigrator\MeowvBlog.DbMigrator.csproj", "{8866B3CC-5B59-47CB-8659-9C0A76DBEAC4}"
EndProject
Project("{9A19103F-16F7-4668-BE54-9A1E7A4F7556}") = "MeowvBlog.Domain", "src\MeowvBlog.Domain\MeowvBlog.Domain.csproj", "{F645CA5C-0BD4-4950-8867-60581423900A}"
EndProject
Project("{9A19103F-16F7-4668-BE54-9A1E7A4F7556}") = "MeowvBlog.Domain.Shared", "src\MeowvBlog.Domain.Shared\MeowvBlog.Domain.Shared.csproj", "{EE66B7EE-31EC-43C7-96F8-9C76D735ED95}"
EndProject
Project("{9A19103F-16F7-4668-BE54-9A1E7A4F7556}") = "MeowvBlog.EntityFrameworkCore", "src\MeowvBlog.EntityFrameworkCore\MeowvBlog.EntityFrameworkCore.csproj", "{94CD1C11-F573-4BB3-8AA0-4B94E0BE63CD}"
EndProject
Project("{9A19103F-16F7-4668-BE54-9A1E7A4F7556}") = "MeowvBlog.EntityFrameworkCore.DbMigrations", "src\MeowvBlog.EntityFrameworkCore.DbMigrations\MeowvBlog.EntityFrameworkCore.DbMigrations.csproj", "{F6BC7762-DE6A-44CD-A715-6ABEFB1896C3}"
EndProject
Project("{9A19103F-16F7-4668-BE54-9A1E7A4F7556}") = "MeowvBlog.HttpApi", "src\MeowvBlog.HttpApi\MeowvBlog.HttpApi.csproj", "{C5638FD1-855D-47B7-8D42-C8139DEA7D14}"
EndProject
Project("{9A19103F-16F7-4668-BE54-9A1E7A4F7556}") = "MeowvBlog.HttpApi.Client", "src\MeowvBlog.HttpApi.Client\MeowvBlog.HttpApi.Client.csproj", "{CB3A5A66-654C-41E5-A6F9-BC3F5D346851}"
EndProject
Project("{9A19103F-16F7-4668-BE54-9A1E7A4F7556}") = "MeowvBlog.Web", "src\MeowvBlog.Web\MeowvBlog.Web.csproj", "{2CC1A00A-3EFE-4AA2-9C6B-2C991ABD17BF}"
EndProject
Global
	GlobalSection(SolutionConfigurationPlatforms) = preSolution
		Debug|Any CPU = Debug|Any CPU
		Release|Any CPU = Release|Any CPU
	EndGlobalSection
	GlobalSection(ProjectConfigurationPlatforms) = postSolution
		{02784845-C2BD-4327-BEB7-4309592EE689}.Debug|Any CPU.ActiveCfg = Debug|Any CPU
		{02784845-C2BD-4327-BEB7-4309592EE689}.Debug|Any CPU.Build.0 = Debug|Any CPU
		{02784845-C2BD-4327-BEB7-4309592EE689}.Release|Any CPU.ActiveCfg = Release|Any CPU
		{02784845-C2BD-4327-BEB7-4309592EE689}.Release|Any CPU.Build.0 = Release|Any CPU
		{87892E32-A2AB-4407-B33F-C63230D77A34}.Debug|Any CPU.ActiveCfg = Debug|Any CPU
		{87892E32-A2AB-4407-B33F-C63230D77A34}.Debug|Any CPU.Build.0 = Debug|Any CPU
		{87892E32-A2AB-4407-B33F-C63230D77A34}.Release|Any CPU.ActiveCfg = Release|Any CPU
		{87892E32-A2AB-4407-B33F-C63230D77A34}.Release|Any CPU.Build.0 = Release|Any CPU
		{8866B3CC-5B59-47CB-8659-9C0A76DBEAC4}.Debug|Any CPU.ActiveCfg = Debug|Any CPU
		{8866B3CC-5B59-47CB-8659-9C0A76DBEAC4}.Debug|Any CPU.Build.0 = Debug|Any CPU
		{8866B3CC-5B59-47CB-8659-9C0A76DBEAC4}.Release|Any CPU.ActiveCfg = Release|Any CPU
		{8866B3CC-5B59-47CB-8659-9C0A76DBEAC4}.Release|Any CPU.Build.0 = Release|Any CPU
		{F645CA5C-0BD4-4950-8867-60581423900A}.Debug|Any CPU.ActiveCfg = Debug|Any CPU
		{F645CA5C-0BD4-4950-8867-60581423900A}.Debug|Any CPU.Build.0 = Debug|Any CPU
		{F645CA5C-0BD4-4950-8867-60581423900A}.Release|Any CPU.ActiveCfg = Release|Any CPU
		{F645CA5C-0BD4-4950-8867-60581423900A}.Release|Any CPU.Build.0 = Release|Any CPU
		{EE66B7EE-31EC-43C7-96F8-9C76D735ED95}.Debug|Any CPU.ActiveCfg = Debug|Any CPU
		{EE66B7EE-31EC-43C7-96F8-9C76D735ED95}.Debug|Any CPU.Build.0 = Debug|Any CPU
		{EE66B7EE-31EC-43C7-96F8-9C76D735ED95}.Release|Any CPU.ActiveCfg = Release|Any CPU
		{EE66B7EE-31EC-43C7-96F8-9C76D735ED95}.Release|Any CPU.Build.0 = Release|Any CPU
		{94CD1C11-F573-4BB3-8AA0-4B94E0BE63CD}.Debug|Any CPU.ActiveCfg = Debug|Any CPU
		{94CD1C11-F573-4BB3-8AA0-4B94E0BE63CD}.Debug|Any CPU.Build.0 = Debug|Any CPU
		{94CD1C11-F573-4BB3-8AA0-4B94E0BE63CD}.Release|Any CPU.ActiveCfg = Release|Any CPU
		{94CD1C11-F573-4BB3-8AA0-4B94E0BE63CD}.Release|Any CPU.Build.0 = Release|Any CPU
		{F6BC7762-DE6A-44CD-A715-6ABEFB1896C3}.Debug|Any CPU.ActiveCfg = Debug|Any CPU
		{F6BC7762-DE6A-44CD-A715-6ABEFB1896C3}.Debug|Any CPU.Build.0 = Debug|Any CPU
		{F6BC7762-DE6A-44CD-A715-6ABEFB1896C3}.Release|Any CPU.ActiveCfg = Release|Any CPU
		{F6BC7762-DE6A-44CD-A715-6ABEFB1896C3}.Release|Any CPU.Build.0 = Release|Any CPU
		{C5638FD1-855D-47B7-8D42-C8139DEA7D14}.Debug|Any CPU.ActiveCfg = Debug|Any CPU
		{C5638FD1-855D-47B7-8D42-C8139DEA7D14}.Debug|Any CPU.Build.0 = Debug|Any CPU
		{C5638FD1-855D-47B7-8D42-C8139DEA7D14}.Release|Any CPU.ActiveCfg = Release|Any CPU
		{C5638FD1-855D-47B7-8D42-C8139DEA7D14}.Release|Any CPU.Build.0 = Release|Any CPU
		{CB3A5A66-654C-41E5-A6F9-BC3F5D346851}.Debug|Any CPU.ActiveCfg = Debug|Any CPU
		{CB3A5A66-654C-41E5-A6F9-BC3F5D346851}.Debug|Any CPU.Build.0 = Debug|Any CPU
		{CB3A5A66-654C-41E5-A6F9-BC3F5D346851}.Release|Any CPU.ActiveCfg = Release|Any CPU
		{CB3A5A66-654C-41E5-A6F9-BC3F5D346851}.Release|Any CPU.Build.0 = Release|Any CPU
		{2CC1A00A-3EFE-4AA2-9C6B-2C991ABD17BF}.Debug|Any CPU.ActiveCfg = Debug|Any CPU
		{2CC1A00A-3EFE-4AA2-9C6B-2C991ABD17BF}.Debug|Any CPU.Build.0 = Debug|Any CPU
		{2CC1A00A-3EFE-4AA2-9C6B-2C991ABD17BF}.Release|Any CPU.ActiveCfg = Release|Any CPU
		{2CC1A00A-3EFE-4AA2-9C6B-2C991ABD17BF}.Release|Any CPU.Build.0 = Release|Any CPU
	EndGlobalSection
	GlobalSection(SolutionProperties) = preSolution
		HideSolutionNode = FALSE
	EndGlobalSection
	GlobalSection(ExtensibilityGlobals) = postSolution
		SolutionGuid = {46DD3F99-F149-46AA-AE4F-26E78F639FB8}
	EndGlobalSection
EndGlobal
