
Microsoft Visual Studio Solution File, Format Version 12.00
# Visual Studio Version 16
VisualStudioVersion = 16.0.30804.86
MinimumVisualStudioVersion = 15.0.26124.0
Project("{9A19103F-16F7-4668-BE54-9A1E7A4F7556}") = "Meowv.Blog.Core", "src\Meowv.Blog.Core\Meowv.Blog.Core.csproj", "{FDF1CB2A-BB7B-4EDB-ADAF-8E09C37AF9BA}"
EndProject
Project("{9A19103F-16F7-4668-BE54-9A1E7A4F7556}") = "Meowv.Blog.Application", "src\Meowv.Blog.Application\Meowv.Blog.Application.csproj", "{B5DE876B-DC3A-4EA8-9DA5-55ABDD0253C5}"
EndProject
Project("{9A19103F-16F7-4668-BE54-9A1E7A4F7556}") = "Meowv.Blog.MongoDb", "src\Meowv.Blog.MongoDb\Meowv.Blog.MongoDb.csproj", "{285F60C5-7D10-409B-9C3E-304BBF9F0C91}"
EndProject
Project("{9A19103F-16F7-4668-BE54-9A1E7A4F7556}") = "Meowv.Blog.Api", "src\Meowv.Blog.Api\Meowv.Blog.Api.csproj", "{1DAA07EF-2A1F-4B14-B233-AA5D61D8525A}"
EndProject
Project("{9A19103F-16F7-4668-BE54-9A1E7A4F7556}") = "Meowv.Blog.BackgroundWorkers", "src\Meowv.Blog.BackgroundWorkers\Meowv.Blog.BackgroundWorkers.csproj", "{150FD715-FB0D-434A-83AC-13EBA87C2BBA}"
EndProject
Project("{9A19103F-16F7-4668-BE54-9A1E7A4F7556}") = "Meowv.Blog.Web", "src\Meowv.Blog.Web\Meowv.Blog.Web.csproj", "{BC96297B-A492-4483-89B1-05FD75DD4552}"
EndProject
Project("{9A19103F-16F7-4668-BE54-9A1E7A4F7556}") = "Meowv.Blog.Admin", "src\Meowv.Blog.Admin\Meowv.Blog.Admin.csproj", "{89F5CE1D-0D82-43BC-91F8-E42A54EF982C}"
EndProject
Project("{9A19103F-16F7-4668-BE54-9A1E7A4F7556}") = "Meowv.Blog.Response", "src\Meowv.Blog.Response\Meowv.Blog.Response.csproj", "{0775DDDC-3823-4DAE-8044-8AB6E3E6F637}"
EndProject
Project("{9A19103F-16F7-4668-BE54-9A1E7A4F7556}") = "Meowv.Blog.DbMigrator", "src\Meowv.Blog.DbMigrator\Meowv.Blog.DbMigrator.csproj", "{64D9E8BC-DEA8-47ED-8932-7AD0C8B3D282}"
EndProject
Project("{2150E333-8FDC-42A3-9474-1A3956D46DE8}") = "Solution Items", "Solution Items", "{73AB396B-140D-4293-8560-CFCA0D726BC1}"
	ProjectSection(SolutionItems) = preProject
		.dockerignore = .dockerignore
		.gitattributes = .gitattributes
		.gitignore = .gitignore
		.github\FUNDING.yml = .github\FUNDING.yml
		LICENSE = LICENSE
		README.md = README.md
	EndProjectSection
EndProject
Global
	GlobalSection(SolutionConfigurationPlatforms) = preSolution
		Debug|Any CPU = Debug|Any CPU
		Debug|x64 = Debug|x64
		Debug|x86 = Debug|x86
		Release|Any CPU = Release|Any CPU
		Release|x64 = Release|x64
		Release|x86 = Release|x86
	EndGlobalSection
	GlobalSection(ProjectConfigurationPlatforms) = postSolution
		{FDF1CB2A-BB7B-4EDB-ADAF-8E09C37AF9BA}.Debug|Any CPU.ActiveCfg = Debug|Any CPU
		{FDF1CB2A-BB7B-4EDB-ADAF-8E09C37AF9BA}.Debug|Any CPU.Build.0 = Debug|Any CPU
		{FDF1CB2A-BB7B-4EDB-ADAF-8E09C37AF9BA}.Debug|x64.ActiveCfg = Debug|Any CPU
		{FDF1CB2A-BB7B-4EDB-ADAF-8E09C37AF9BA}.Debug|x64.Build.0 = Debug|Any CPU
		{FDF1CB2A-BB7B-4EDB-ADAF-8E09C37AF9BA}.Debug|x86.ActiveCfg = Debug|Any CPU
		{FDF1CB2A-BB7B-4EDB-ADAF-8E09C37AF9BA}.Debug|x86.Build.0 = Debug|Any CPU
		{FDF1CB2A-BB7B-4EDB-ADAF-8E09C37AF9BA}.Release|Any CPU.ActiveCfg = Release|Any CPU
		{FDF1CB2A-BB7B-4EDB-ADAF-8E09C37AF9BA}.Release|Any CPU.Build.0 = Release|Any CPU
		{FDF1CB2A-BB7B-4EDB-ADAF-8E09C37AF9BA}.Release|x64.ActiveCfg = Release|Any CPU
		{FDF1CB2A-BB7B-4EDB-ADAF-8E09C37AF9BA}.Release|x64.Build.0 = Release|Any CPU
		{FDF1CB2A-BB7B-4EDB-ADAF-8E09C37AF9BA}.Release|x86.ActiveCfg = Release|Any CPU
		{FDF1CB2A-BB7B-4EDB-ADAF-8E09C37AF9BA}.Release|x86.Build.0 = Release|Any CPU
		{B5DE876B-DC3A-4EA8-9DA5-55ABDD0253C5}.Debug|Any CPU.ActiveCfg = Debug|Any CPU
		{B5DE876B-DC3A-4EA8-9DA5-55ABDD0253C5}.Debug|Any CPU.Build.0 = Debug|Any CPU
		{B5DE876B-DC3A-4EA8-9DA5-55ABDD0253C5}.Debug|x64.ActiveCfg = Debug|Any CPU
		{B5DE876B-DC3A-4EA8-9DA5-55ABDD0253C5}.Debug|x64.Build.0 = Debug|Any CPU
		{B5DE876B-DC3A-4EA8-9DA5-55ABDD0253C5}.Debug|x86.ActiveCfg = Debug|Any CPU
		{B5DE876B-DC3A-4EA8-9DA5-55ABDD0253C5}.Debug|x86.Build.0 = Debug|Any CPU
		{B5DE876B-DC3A-4EA8-9DA5-55ABDD0253C5}.Release|Any CPU.ActiveCfg = Release|Any CPU
		{B5DE876B-DC3A-4EA8-9DA5-55ABDD0253C5}.Release|Any CPU.Build.0 = Release|Any CPU
		{B5DE876B-DC3A-4EA8-9DA5-55ABDD0253C5}.Release|x64.ActiveCfg = Release|Any CPU
		{B5DE876B-DC3A-4EA8-9DA5-55ABDD0253C5}.Release|x64.Build.0 = Release|Any CPU
		{B5DE876B-DC3A-4EA8-9DA5-55ABDD0253C5}.Release|x86.ActiveCfg = Release|Any CPU
		{B5DE876B-DC3A-4EA8-9DA5-55ABDD0253C5}.Release|x86.Build.0 = Release|Any CPU
		{285F60C5-7D10-409B-9C3E-304BBF9F0C91}.Debug|Any CPU.ActiveCfg = Debug|Any CPU
		{285F60C5-7D10-409B-9C3E-304BBF9F0C91}.Debug|Any CPU.Build.0 = Debug|Any CPU
		{285F60C5-7D10-409B-9C3E-304BBF9F0C91}.Debug|x64.ActiveCfg = Debug|Any CPU
		{285F60C5-7D10-409B-9C3E-304BBF9F0C91}.Debug|x64.Build.0 = Debug|Any CPU
		{285F60C5-7D10-409B-9C3E-304BBF9F0C91}.Debug|x86.ActiveCfg = Debug|Any CPU
		{285F60C5-7D10-409B-9C3E-304BBF9F0C91}.Debug|x86.Build.0 = Debug|Any CPU
		{285F60C5-7D10-409B-9C3E-304BBF9F0C91}.Release|Any CPU.ActiveCfg = Release|Any CPU
		{285F60C5-7D10-409B-9C3E-304BBF9F0C91}.Release|Any CPU.Build.0 = Release|Any CPU
		{285F60C5-7D10-409B-9C3E-304BBF9F0C91}.Release|x64.ActiveCfg = Release|Any CPU
		{285F60C5-7D10-409B-9C3E-304BBF9F0C91}.Release|x64.Build.0 = Release|Any CPU
		{285F60C5-7D10-409B-9C3E-304BBF9F0C91}.Release|x86.ActiveCfg = Release|Any CPU
		{285F60C5-7D10-409B-9C3E-304BBF9F0C91}.Release|x86.Build.0 = Release|Any CPU
		{1DAA07EF-2A1F-4B14-B233-AA5D61D8525A}.Debug|Any CPU.ActiveCfg = Debug|Any CPU
		{1DAA07EF-2A1F-4B14-B233-AA5D61D8525A}.Debug|Any CPU.Build.0 = Debug|Any CPU
		{1DAA07EF-2A1F-4B14-B233-AA5D61D8525A}.Debug|x64.ActiveCfg = Debug|Any CPU
		{1DAA07EF-2A1F-4B14-B233-AA5D61D8525A}.Debug|x64.Build.0 = Debug|Any CPU
		{1DAA07EF-2A1F-4B14-B233-AA5D61D8525A}.Debug|x86.ActiveCfg = Debug|Any CPU
		{1DAA07EF-2A1F-4B14-B233-AA5D61D8525A}.Debug|x86.Build.0 = Debug|Any CPU
		{1DAA07EF-2A1F-4B14-B233-AA5D61D8525A}.Release|Any CPU.ActiveCfg = Release|Any CPU
		{1DAA07EF-2A1F-4B14-B233-AA5D61D8525A}.Release|Any CPU.Build.0 = Release|Any CPU
		{1DAA07EF-2A1F-4B14-B233-AA5D61D8525A}.Release|x64.ActiveCfg = Release|Any CPU
		{1DAA07EF-2A1F-4B14-B233-AA5D61D8525A}.Release|x64.Build.0 = Release|Any CPU
		{1DAA07EF-2A1F-4B14-B233-AA5D61D8525A}.Release|x86.ActiveCfg = Release|Any CPU
		{1DAA07EF-2A1F-4B14-B233-AA5D61D8525A}.Release|x86.Build.0 = Release|Any CPU
		{150FD715-FB0D-434A-83AC-13EBA87C2BBA}.Debug|Any CPU.ActiveCfg = Debug|Any CPU
		{150FD715-FB0D-434A-83AC-13EBA87C2BBA}.Debug|Any CPU.Build.0 = Debug|Any CPU
		{150FD715-FB0D-434A-83AC-13EBA87C2BBA}.Debug|x64.ActiveCfg = Debug|Any CPU
		{150FD715-FB0D-434A-83AC-13EBA87C2BBA}.Debug|x64.Build.0 = Debug|Any CPU
		{150FD715-FB0D-434A-83AC-13EBA87C2BBA}.Debug|x86.ActiveCfg = Debug|Any CPU
		{150FD715-FB0D-434A-83AC-13EBA87C2BBA}.Debug|x86.Build.0 = Debug|Any CPU
		{150FD715-FB0D-434A-83AC-13EBA87C2BBA}.Release|Any CPU.ActiveCfg = Release|Any CPU
		{150FD715-FB0D-434A-83AC-13EBA87C2BBA}.Release|Any CPU.Build.0 = Release|Any CPU
		{150FD715-FB0D-434A-83AC-13EBA87C2BBA}.Release|x64.ActiveCfg = Release|Any CPU
		{150FD715-FB0D-434A-83AC-13EBA87C2BBA}.Release|x64.Build.0 = Release|Any CPU
		{150FD715-FB0D-434A-83AC-13EBA87C2BBA}.Release|x86.ActiveCfg = Release|Any CPU
		{150FD715-FB0D-434A-83AC-13EBA87C2BBA}.Release|x86.Build.0 = Release|Any CPU
		{BC96297B-A492-4483-89B1-05FD75DD4552}.Debug|Any CPU.ActiveCfg = Debug|Any CPU
		{BC96297B-A492-4483-89B1-05FD75DD4552}.Debug|Any CPU.Build.0 = Debug|Any CPU
		{BC96297B-A492-4483-89B1-05FD75DD4552}.Debug|x64.ActiveCfg = Debug|Any CPU
		{BC96297B-A492-4483-89B1-05FD75DD4552}.Debug|x64.Build.0 = Debug|Any CPU
		{BC96297B-A492-4483-89B1-05FD75DD4552}.Debug|x86.ActiveCfg = Debug|Any CPU
		{BC96297B-A492-4483-89B1-05FD75DD4552}.Debug|x86.Build.0 = Debug|Any CPU
		{BC96297B-A492-4483-89B1-05FD75DD4552}.Release|Any CPU.ActiveCfg = Release|Any CPU
		{BC96297B-A492-4483-89B1-05FD75DD4552}.Release|Any CPU.Build.0 = Release|Any CPU
		{BC96297B-A492-4483-89B1-05FD75DD4552}.Release|x64.ActiveCfg = Release|Any CPU
		{BC96297B-A492-4483-89B1-05FD75DD4552}.Release|x64.Build.0 = Release|Any CPU
		{BC96297B-A492-4483-89B1-05FD75DD4552}.Release|x86.ActiveCfg = Release|Any CPU
		{BC96297B-A492-4483-89B1-05FD75DD4552}.Release|x86.Build.0 = Release|Any CPU
		{89F5CE1D-0D82-43BC-91F8-E42A54EF982C}.Debug|Any CPU.ActiveCfg = Debug|Any CPU
		{89F5CE1D-0D82-43BC-91F8-E42A54EF982C}.Debug|Any CPU.Build.0 = Debug|Any CPU
		{89F5CE1D-0D82-43BC-91F8-E42A54EF982C}.Debug|x64.ActiveCfg = Debug|Any CPU
		{89F5CE1D-0D82-43BC-91F8-E42A54EF982C}.Debug|x64.Build.0 = Debug|Any CPU
		{89F5CE1D-0D82-43BC-91F8-E42A54EF982C}.Debug|x86.ActiveCfg = Debug|Any CPU
		{89F5CE1D-0D82-43BC-91F8-E42A54EF982C}.Debug|x86.Build.0 = Debug|Any CPU
		{89F5CE1D-0D82-43BC-91F8-E42A54EF982C}.Release|Any CPU.ActiveCfg = Release|Any CPU
		{89F5CE1D-0D82-43BC-91F8-E42A54EF982C}.Release|Any CPU.Build.0 = Release|Any CPU
		{89F5CE1D-0D82-43BC-91F8-E42A54EF982C}.Release|x64.ActiveCfg = Release|Any CPU
		{89F5CE1D-0D82-43BC-91F8-E42A54EF982C}.Release|x64.Build.0 = Release|Any CPU
		{89F5CE1D-0D82-43BC-91F8-E42A54EF982C}.Release|x86.ActiveCfg = Release|Any CPU
		{89F5CE1D-0D82-43BC-91F8-E42A54EF982C}.Release|x86.Build.0 = Release|Any CPU
		{0775DDDC-3823-4DAE-8044-8AB6E3E6F637}.Debug|Any CPU.ActiveCfg = Debug|Any CPU
		{0775DDDC-3823-4DAE-8044-8AB6E3E6F637}.Debug|Any CPU.Build.0 = Debug|Any CPU
		{0775DDDC-3823-4DAE-8044-8AB6E3E6F637}.Debug|x64.ActiveCfg = Debug|Any CPU
		{0775DDDC-3823-4DAE-8044-8AB6E3E6F637}.Debug|x64.Build.0 = Debug|Any CPU
		{0775DDDC-3823-4DAE-8044-8AB6E3E6F637}.Debug|x86.ActiveCfg = Debug|Any CPU
		{0775DDDC-3823-4DAE-8044-8AB6E3E6F637}.Debug|x86.Build.0 = Debug|Any CPU
		{0775DDDC-3823-4DAE-8044-8AB6E3E6F637}.Release|Any CPU.ActiveCfg = Release|Any CPU
		{0775DDDC-3823-4DAE-8044-8AB6E3E6F637}.Release|Any CPU.Build.0 = Release|Any CPU
		{0775DDDC-3823-4DAE-8044-8AB6E3E6F637}.Release|x64.ActiveCfg = Release|Any CPU
		{0775DDDC-3823-4DAE-8044-8AB6E3E6F637}.Release|x64.Build.0 = Release|Any CPU
		{0775DDDC-3823-4DAE-8044-8AB6E3E6F637}.Release|x86.ActiveCfg = Release|Any CPU
		{0775DDDC-3823-4DAE-8044-8AB6E3E6F637}.Release|x86.Build.0 = Release|Any CPU
		{64D9E8BC-DEA8-47ED-8932-7AD0C8B3D282}.Debug|Any CPU.ActiveCfg = Debug|Any CPU
		{64D9E8BC-DEA8-47ED-8932-7AD0C8B3D282}.Debug|Any CPU.Build.0 = Debug|Any CPU
		{64D9E8BC-DEA8-47ED-8932-7AD0C8B3D282}.Debug|x64.ActiveCfg = Debug|Any CPU
		{64D9E8BC-DEA8-47ED-8932-7AD0C8B3D282}.Debug|x64.Build.0 = Debug|Any CPU
		{64D9E8BC-DEA8-47ED-8932-7AD0C8B3D282}.Debug|x86.ActiveCfg = Debug|Any CPU
		{64D9E8BC-DEA8-47ED-8932-7AD0C8B3D282}.Debug|x86.Build.0 = Debug|Any CPU
		{64D9E8BC-DEA8-47ED-8932-7AD0C8B3D282}.Release|Any CPU.ActiveCfg = Release|Any CPU
		{64D9E8BC-DEA8-47ED-8932-7AD0C8B3D282}.Release|Any CPU.Build.0 = Release|Any CPU
		{64D9E8BC-DEA8-47ED-8932-7AD0C8B3D282}.Release|x64.ActiveCfg = Release|Any CPU
		{64D9E8BC-DEA8-47ED-8932-7AD0C8B3D282}.Release|x64.Build.0 = Release|Any CPU
		{64D9E8BC-DEA8-47ED-8932-7AD0C8B3D282}.Release|x86.ActiveCfg = Release|Any CPU
		{64D9E8BC-DEA8-47ED-8932-7AD0C8B3D282}.Release|x86.Build.0 = Release|Any CPU
	EndGlobalSection
	GlobalSection(SolutionProperties) = preSolution
		HideSolutionNode = FALSE
	EndGlobalSection
	GlobalSection(ExtensibilityGlobals) = postSolution
		SolutionGuid = {783C9F1B-396B-491B-94ED-0D7A0BBA2543}
	EndGlobalSection
EndGlobal
