
Microsoft Visual Studio Solution File, Format Version 12.00
# Visual Studio Version 16
VisualStudioVersion = 16.0.28803.352
MinimumVisualStudioVersion = 10.0.40219.1
Project("{9A19103F-16F7-4668-BE54-9A1E7A4F7556}") = "MeowvBlog.Web", "MeowvBlog.Web\MeowvBlog.Web.csproj", "{F7756532-950B-43F3-BE70-0AFFB278A7D8}"
EndProject
Project("{9A19103F-16F7-4668-BE54-9A1E7A4F7556}") = "MeowvBlog.IServices", "MeowvBlog.IServices\MeowvBlog.IServices.csproj", "{BE73FDAE-D7ED-48B9-AF98-2D5FB13D0982}"
EndProject
Project("{9A19103F-16F7-4668-BE54-9A1E7A4F7556}") = "MeowvBlog.Services", "MeowvBlog.Services\MeowvBlog.Services.csproj", "{D975AF81-8872-439D-9F1B-3137C29CAEFF}"
EndProject
Project("{9A19103F-16F7-4668-BE54-9A1E7A4F7556}") = "MeowvBlog.IRepository", "MeowvBlog.IRepository\MeowvBlog.IRepository.csproj", "{14818B72-7568-4C02-A862-6AFE62DCD76C}"
EndProject
Project("{9A19103F-16F7-4668-BE54-9A1E7A4F7556}") = "MeowvBlog.Repository.MongoDb", "MeowvBlog.Repository.MongoDb\MeowvBlog.Repository.MongoDb.csproj", "{459C83F0-B84D-4B96-B9B4-23EB7E22F09C}"
EndProject
Project("{9A19103F-16F7-4668-BE54-9A1E7A4F7556}") = "MeowvBlog.Repository.MySql", "MeowvBlog.Repository.MySql\MeowvBlog.Repository.MySql.csproj", "{CC4FAC74-471E-4353-B242-B6C8915DBC76}"
EndProject
Project("{9A19103F-16F7-4668-BE54-9A1E7A4F7556}") = "MeowvBlog.Repository.SqlServer", "MeowvBlog.Repository.SqlServer\MeowvBlog.Repository.SqlServer.csproj", "{05359017-6F2F-45AA-9C10-7D37D0B455D4}"
EndProject
Project("{9A19103F-16F7-4668-BE54-9A1E7A4F7556}") = "MeowvBlog.Dtos", "MeowvBlog.Dtos\MeowvBlog.Dtos.csproj", "{4E46BF5E-D483-4472-9AF2-2116C2860D86}"
EndProject
Project("{9A19103F-16F7-4668-BE54-9A1E7A4F7556}") = "MeowvBlog.Models", "MeowvBlog.Models\MeowvBlog.Models.csproj", "{86794DC7-37BF-4116-90AE-18755904B9B1}"
EndProject
Project("{9A19103F-16F7-4668-BE54-9A1E7A4F7556}") = "MeowvBlog.Authentication", "MeowvBlog.Authentication\MeowvBlog.Authentication.csproj", "{F90F6A3A-B276-424B-B84A-24EFA744AF99}"
EndProject
Project("{9A19103F-16F7-4668-BE54-9A1E7A4F7556}") = "MeowvBlog.AutoMapper", "MeowvBlog.AutoMapper\MeowvBlog.AutoMapper.csproj", "{70D11E3C-E071-460E-A144-2FCE4352E84A}"
EndProject
Project("{9A19103F-16F7-4668-BE54-9A1E7A4F7556}") = "MeowvBlog.Caches", "MeowvBlog.Caches\MeowvBlog.Caches.csproj", "{265505FF-67A6-4247-892F-B0B9CF7B9BAF}"
EndProject
Project("{9A19103F-16F7-4668-BE54-9A1E7A4F7556}") = "MeowvBlog.Captcha", "MeowvBlog.Captcha\MeowvBlog.Captcha.csproj", "{1D07B832-E61E-4235-B845-602BF1A69A53}"
EndProject
Project("{9A19103F-16F7-4668-BE54-9A1E7A4F7556}") = "MeowvBlog.Core", "MeowvBlog.Core\MeowvBlog.Core.csproj", "{71D24D45-7162-4AA4-ACC0-B435EC43FBDA}"
EndProject
Project("{9A19103F-16F7-4668-BE54-9A1E7A4F7556}") = "MeowvBlog.Extensions", "MeowvBlog.Extensions\MeowvBlog.Extensions.csproj", "{1A698816-A1CF-4CF1-8653-B80D4CE81A17}"
EndProject
Project("{9A19103F-16F7-4668-BE54-9A1E7A4F7556}") = "MeowvBlog.Entities", "MeowvBlog.Entities\MeowvBlog.Entities.csproj", "{72337D6C-4042-4D85-9CB9-5ABF56BA3F96}"
EndProject
Project("{9A19103F-16F7-4668-BE54-9A1E7A4F7556}") = "MeowvBlog.CodeAnnotations", "MeowvBlog.CodeAnnotations\MeowvBlog.CodeAnnotations.csproj", "{10A0BA45-8E42-4C0A-9574-91E0E9407FFF}"
EndProject
Project("{9A19103F-16F7-4668-BE54-9A1E7A4F7556}") = "MeowvBlog.Extensions.Serialization", "MeowvBlog.Extensions.Serialization\MeowvBlog.Extensions.Serialization.csproj", "{9BDCCC8C-66CB-43FA-BCE0-E0EDAC4E3E37}"
EndProject
Project("{9A19103F-16F7-4668-BE54-9A1E7A4F7556}") = "MeowvBlog.AutoMapper.Tests", "MeowvBlog.AutoMapper.Tests\MeowvBlog.AutoMapper.Tests.csproj", "{F6D7DE55-6DC7-4076-AA9B-3DB39E18A363}"
EndProject
Project("{9A19103F-16F7-4668-BE54-9A1E7A4F7556}") = "MeoevBlog.Response", "MeoevBlog.Response\MeoevBlog.Response.csproj", "{114C340C-779A-45D5-B92D-CD76B97C6C06}"
EndProject
Project("{9A19103F-16F7-4668-BE54-9A1E7A4F7556}") = "MeowvBlog.ActionOutput", "MeowvBlog.ActionOutput\MeowvBlog.ActionOutput.csproj", "{1EEBC39F-842F-4EDC-9A28-44D80FB1CE67}"
EndProject
Project("{9A19103F-16F7-4668-BE54-9A1E7A4F7556}") = "MeowvBlog.Caches.Tests", "MeowvBlog.Caches.Tests\MeowvBlog.Caches.Tests.csproj", "{3B7F832F-D229-47BF-A8DE-D8C3CED262C8}"
EndProject
Project("{2150E333-8FDC-42A3-9474-1A3956D46DE8}") = "07_Tests", "07_Tests", "{80FC6ACF-7AC5-4100-B850-65A2F0EE878A}"
EndProject
Project("{2150E333-8FDC-42A3-9474-1A3956D46DE8}") = "01_Web", "01_Web", "{594DA6F2-13D2-4077-A7CE-ABDB6B2846AD}"
EndProject
Project("{2150E333-8FDC-42A3-9474-1A3956D46DE8}") = "02_Entities", "02_Entities", "{A3B9B286-DC38-4224-AC0D-F6FAE15E3115}"
EndProject
Project("{2150E333-8FDC-42A3-9474-1A3956D46DE8}") = "03_Repositorise", "03_Repositorise", "{56511D26-E240-403D-8AB5-7440E0731C28}"
EndProject
Project("{2150E333-8FDC-42A3-9474-1A3956D46DE8}") = "04_Services", "04_Services", "{1AB58760-B5A6-4A5B-836D-DFFE6FF25D3C}"
EndProject
Project("{2150E333-8FDC-42A3-9474-1A3956D46DE8}") = "05_Core", "05_Core", "{AEB6C64A-3447-4FB2-A74A-FBF668FB7230}"
EndProject
Project("{2150E333-8FDC-42A3-9474-1A3956D46DE8}") = "06_Authentication", "06_Authentication", "{17FEF4BA-14C5-4375-872D-F80FB651A747}"
EndProject
Project("{2150E333-8FDC-42A3-9474-1A3956D46DE8}") = "08_SolutionItems", "08_SolutionItems", "{693BBEAA-10B4-4A04-B034-48714CC96779}"
	ProjectSection(SolutionItems) = preProject
		..\.gitattributes = ..\.gitattributes
		..\.gitignore = ..\.gitignore
		..\LICENSE = ..\LICENSE
		MeowvBlog.sln = MeowvBlog.sln
		..\README.md = ..\README.md
	EndProjectSection
EndProject
Global
	GlobalSection(SolutionConfigurationPlatforms) = preSolution
		Debug|Any CPU = Debug|Any CPU
		Release|Any CPU = Release|Any CPU
	EndGlobalSection
	GlobalSection(ProjectConfigurationPlatforms) = postSolution
		{F7756532-950B-43F3-BE70-0AFFB278A7D8}.Debug|Any CPU.ActiveCfg = Debug|Any CPU
		{F7756532-950B-43F3-BE70-0AFFB278A7D8}.Debug|Any CPU.Build.0 = Debug|Any CPU
		{F7756532-950B-43F3-BE70-0AFFB278A7D8}.Release|Any CPU.ActiveCfg = Release|Any CPU
		{F7756532-950B-43F3-BE70-0AFFB278A7D8}.Release|Any CPU.Build.0 = Release|Any CPU
		{BE73FDAE-D7ED-48B9-AF98-2D5FB13D0982}.Debug|Any CPU.ActiveCfg = Debug|Any CPU
		{BE73FDAE-D7ED-48B9-AF98-2D5FB13D0982}.Debug|Any CPU.Build.0 = Debug|Any CPU
		{BE73FDAE-D7ED-48B9-AF98-2D5FB13D0982}.Release|Any CPU.ActiveCfg = Release|Any CPU
		{BE73FDAE-D7ED-48B9-AF98-2D5FB13D0982}.Release|Any CPU.Build.0 = Release|Any CPU
		{D975AF81-8872-439D-9F1B-3137C29CAEFF}.Debug|Any CPU.ActiveCfg = Debug|Any CPU
		{D975AF81-8872-439D-9F1B-3137C29CAEFF}.Debug|Any CPU.Build.0 = Debug|Any CPU
		{D975AF81-8872-439D-9F1B-3137C29CAEFF}.Release|Any CPU.ActiveCfg = Release|Any CPU
		{D975AF81-8872-439D-9F1B-3137C29CAEFF}.Release|Any CPU.Build.0 = Release|Any CPU
		{14818B72-7568-4C02-A862-6AFE62DCD76C}.Debug|Any CPU.ActiveCfg = Debug|Any CPU
		{14818B72-7568-4C02-A862-6AFE62DCD76C}.Debug|Any CPU.Build.0 = Debug|Any CPU
		{14818B72-7568-4C02-A862-6AFE62DCD76C}.Release|Any CPU.ActiveCfg = Release|Any CPU
		{14818B72-7568-4C02-A862-6AFE62DCD76C}.Release|Any CPU.Build.0 = Release|Any CPU
		{459C83F0-B84D-4B96-B9B4-23EB7E22F09C}.Debug|Any CPU.ActiveCfg = Debug|Any CPU
		{459C83F0-B84D-4B96-B9B4-23EB7E22F09C}.Debug|Any CPU.Build.0 = Debug|Any CPU
		{459C83F0-B84D-4B96-B9B4-23EB7E22F09C}.Release|Any CPU.ActiveCfg = Release|Any CPU
		{459C83F0-B84D-4B96-B9B4-23EB7E22F09C}.Release|Any CPU.Build.0 = Release|Any CPU
		{CC4FAC74-471E-4353-B242-B6C8915DBC76}.Debug|Any CPU.ActiveCfg = Debug|Any CPU
		{CC4FAC74-471E-4353-B242-B6C8915DBC76}.Debug|Any CPU.Build.0 = Debug|Any CPU
		{CC4FAC74-471E-4353-B242-B6C8915DBC76}.Release|Any CPU.ActiveCfg = Release|Any CPU
		{CC4FAC74-471E-4353-B242-B6C8915DBC76}.Release|Any CPU.Build.0 = Release|Any CPU
		{05359017-6F2F-45AA-9C10-7D37D0B455D4}.Debug|Any CPU.ActiveCfg = Debug|Any CPU
		{05359017-6F2F-45AA-9C10-7D37D0B455D4}.Debug|Any CPU.Build.0 = Debug|Any CPU
		{05359017-6F2F-45AA-9C10-7D37D0B455D4}.Release|Any CPU.ActiveCfg = Release|Any CPU
		{05359017-6F2F-45AA-9C10-7D37D0B455D4}.Release|Any CPU.Build.0 = Release|Any CPU
		{4E46BF5E-D483-4472-9AF2-2116C2860D86}.Debug|Any CPU.ActiveCfg = Debug|Any CPU
		{4E46BF5E-D483-4472-9AF2-2116C2860D86}.Debug|Any CPU.Build.0 = Debug|Any CPU
		{4E46BF5E-D483-4472-9AF2-2116C2860D86}.Release|Any CPU.ActiveCfg = Release|Any CPU
		{4E46BF5E-D483-4472-9AF2-2116C2860D86}.Release|Any CPU.Build.0 = Release|Any CPU
		{86794DC7-37BF-4116-90AE-18755904B9B1}.Debug|Any CPU.ActiveCfg = Debug|Any CPU
		{86794DC7-37BF-4116-90AE-18755904B9B1}.Debug|Any CPU.Build.0 = Debug|Any CPU
		{86794DC7-37BF-4116-90AE-18755904B9B1}.Release|Any CPU.ActiveCfg = Release|Any CPU
		{86794DC7-37BF-4116-90AE-18755904B9B1}.Release|Any CPU.Build.0 = Release|Any CPU
		{F90F6A3A-B276-424B-B84A-24EFA744AF99}.Debug|Any CPU.ActiveCfg = Debug|Any CPU
		{F90F6A3A-B276-424B-B84A-24EFA744AF99}.Debug|Any CPU.Build.0 = Debug|Any CPU
		{F90F6A3A-B276-424B-B84A-24EFA744AF99}.Release|Any CPU.ActiveCfg = Release|Any CPU
		{F90F6A3A-B276-424B-B84A-24EFA744AF99}.Release|Any CPU.Build.0 = Release|Any CPU
		{70D11E3C-E071-460E-A144-2FCE4352E84A}.Debug|Any CPU.ActiveCfg = Debug|Any CPU
		{70D11E3C-E071-460E-A144-2FCE4352E84A}.Debug|Any CPU.Build.0 = Debug|Any CPU
		{70D11E3C-E071-460E-A144-2FCE4352E84A}.Release|Any CPU.ActiveCfg = Release|Any CPU
		{70D11E3C-E071-460E-A144-2FCE4352E84A}.Release|Any CPU.Build.0 = Release|Any CPU
		{265505FF-67A6-4247-892F-B0B9CF7B9BAF}.Debug|Any CPU.ActiveCfg = Debug|Any CPU
		{265505FF-67A6-4247-892F-B0B9CF7B9BAF}.Debug|Any CPU.Build.0 = Debug|Any CPU
		{265505FF-67A6-4247-892F-B0B9CF7B9BAF}.Release|Any CPU.ActiveCfg = Release|Any CPU
		{265505FF-67A6-4247-892F-B0B9CF7B9BAF}.Release|Any CPU.Build.0 = Release|Any CPU
		{1D07B832-E61E-4235-B845-602BF1A69A53}.Debug|Any CPU.ActiveCfg = Debug|Any CPU
		{1D07B832-E61E-4235-B845-602BF1A69A53}.Debug|Any CPU.Build.0 = Debug|Any CPU
		{1D07B832-E61E-4235-B845-602BF1A69A53}.Release|Any CPU.ActiveCfg = Release|Any CPU
		{1D07B832-E61E-4235-B845-602BF1A69A53}.Release|Any CPU.Build.0 = Release|Any CPU
		{71D24D45-7162-4AA4-ACC0-B435EC43FBDA}.Debug|Any CPU.ActiveCfg = Debug|Any CPU
		{71D24D45-7162-4AA4-ACC0-B435EC43FBDA}.Debug|Any CPU.Build.0 = Debug|Any CPU
		{71D24D45-7162-4AA4-ACC0-B435EC43FBDA}.Release|Any CPU.ActiveCfg = Release|Any CPU
		{71D24D45-7162-4AA4-ACC0-B435EC43FBDA}.Release|Any CPU.Build.0 = Release|Any CPU
		{1A698816-A1CF-4CF1-8653-B80D4CE81A17}.Debug|Any CPU.ActiveCfg = Debug|Any CPU
		{1A698816-A1CF-4CF1-8653-B80D4CE81A17}.Debug|Any CPU.Build.0 = Debug|Any CPU
		{1A698816-A1CF-4CF1-8653-B80D4CE81A17}.Release|Any CPU.ActiveCfg = Release|Any CPU
		{1A698816-A1CF-4CF1-8653-B80D4CE81A17}.Release|Any CPU.Build.0 = Release|Any CPU
		{72337D6C-4042-4D85-9CB9-5ABF56BA3F96}.Debug|Any CPU.ActiveCfg = Debug|Any CPU
		{72337D6C-4042-4D85-9CB9-5ABF56BA3F96}.Debug|Any CPU.Build.0 = Debug|Any CPU
		{72337D6C-4042-4D85-9CB9-5ABF56BA3F96}.Release|Any CPU.ActiveCfg = Release|Any CPU
		{72337D6C-4042-4D85-9CB9-5ABF56BA3F96}.Release|Any CPU.Build.0 = Release|Any CPU
		{10A0BA45-8E42-4C0A-9574-91E0E9407FFF}.Debug|Any CPU.ActiveCfg = Debug|Any CPU
		{10A0BA45-8E42-4C0A-9574-91E0E9407FFF}.Debug|Any CPU.Build.0 = Debug|Any CPU
		{10A0BA45-8E42-4C0A-9574-91E0E9407FFF}.Release|Any CPU.ActiveCfg = Release|Any CPU
		{10A0BA45-8E42-4C0A-9574-91E0E9407FFF}.Release|Any CPU.Build.0 = Release|Any CPU
		{9BDCCC8C-66CB-43FA-BCE0-E0EDAC4E3E37}.Debug|Any CPU.ActiveCfg = Debug|Any CPU
		{9BDCCC8C-66CB-43FA-BCE0-E0EDAC4E3E37}.Debug|Any CPU.Build.0 = Debug|Any CPU
		{9BDCCC8C-66CB-43FA-BCE0-E0EDAC4E3E37}.Release|Any CPU.ActiveCfg = Release|Any CPU
		{9BDCCC8C-66CB-43FA-BCE0-E0EDAC4E3E37}.Release|Any CPU.Build.0 = Release|Any CPU
		{F6D7DE55-6DC7-4076-AA9B-3DB39E18A363}.Debug|Any CPU.ActiveCfg = Debug|Any CPU
		{F6D7DE55-6DC7-4076-AA9B-3DB39E18A363}.Debug|Any CPU.Build.0 = Debug|Any CPU
		{F6D7DE55-6DC7-4076-AA9B-3DB39E18A363}.Release|Any CPU.ActiveCfg = Release|Any CPU
		{F6D7DE55-6DC7-4076-AA9B-3DB39E18A363}.Release|Any CPU.Build.0 = Release|Any CPU
		{114C340C-779A-45D5-B92D-CD76B97C6C06}.Debug|Any CPU.ActiveCfg = Debug|Any CPU
		{114C340C-779A-45D5-B92D-CD76B97C6C06}.Debug|Any CPU.Build.0 = Debug|Any CPU
		{114C340C-779A-45D5-B92D-CD76B97C6C06}.Release|Any CPU.ActiveCfg = Release|Any CPU
		{114C340C-779A-45D5-B92D-CD76B97C6C06}.Release|Any CPU.Build.0 = Release|Any CPU
		{1EEBC39F-842F-4EDC-9A28-44D80FB1CE67}.Debug|Any CPU.ActiveCfg = Debug|Any CPU
		{1EEBC39F-842F-4EDC-9A28-44D80FB1CE67}.Debug|Any CPU.Build.0 = Debug|Any CPU
		{1EEBC39F-842F-4EDC-9A28-44D80FB1CE67}.Release|Any CPU.ActiveCfg = Release|Any CPU
		{1EEBC39F-842F-4EDC-9A28-44D80FB1CE67}.Release|Any CPU.Build.0 = Release|Any CPU
		{3B7F832F-D229-47BF-A8DE-D8C3CED262C8}.Debug|Any CPU.ActiveCfg = Debug|Any CPU
		{3B7F832F-D229-47BF-A8DE-D8C3CED262C8}.Debug|Any CPU.Build.0 = Debug|Any CPU
		{3B7F832F-D229-47BF-A8DE-D8C3CED262C8}.Release|Any CPU.ActiveCfg = Release|Any CPU
		{3B7F832F-D229-47BF-A8DE-D8C3CED262C8}.Release|Any CPU.Build.0 = Release|Any CPU
	EndGlobalSection
	GlobalSection(SolutionProperties) = preSolution
		HideSolutionNode = FALSE
	EndGlobalSection
	GlobalSection(NestedProjects) = preSolution
		{F7756532-950B-43F3-BE70-0AFFB278A7D8} = {594DA6F2-13D2-4077-A7CE-ABDB6B2846AD}
		{BE73FDAE-D7ED-48B9-AF98-2D5FB13D0982} = {1AB58760-B5A6-4A5B-836D-DFFE6FF25D3C}
		{D975AF81-8872-439D-9F1B-3137C29CAEFF} = {1AB58760-B5A6-4A5B-836D-DFFE6FF25D3C}
		{14818B72-7568-4C02-A862-6AFE62DCD76C} = {56511D26-E240-403D-8AB5-7440E0731C28}
		{459C83F0-B84D-4B96-B9B4-23EB7E22F09C} = {56511D26-E240-403D-8AB5-7440E0731C28}
		{CC4FAC74-471E-4353-B242-B6C8915DBC76} = {56511D26-E240-403D-8AB5-7440E0731C28}
		{05359017-6F2F-45AA-9C10-7D37D0B455D4} = {56511D26-E240-403D-8AB5-7440E0731C28}
		{4E46BF5E-D483-4472-9AF2-2116C2860D86} = {A3B9B286-DC38-4224-AC0D-F6FAE15E3115}
		{86794DC7-37BF-4116-90AE-18755904B9B1} = {A3B9B286-DC38-4224-AC0D-F6FAE15E3115}
		{F90F6A3A-B276-424B-B84A-24EFA744AF99} = {17FEF4BA-14C5-4375-872D-F80FB651A747}
		{70D11E3C-E071-460E-A144-2FCE4352E84A} = {AEB6C64A-3447-4FB2-A74A-FBF668FB7230}
		{265505FF-67A6-4247-892F-B0B9CF7B9BAF} = {AEB6C64A-3447-4FB2-A74A-FBF668FB7230}
		{1D07B832-E61E-4235-B845-602BF1A69A53} = {AEB6C64A-3447-4FB2-A74A-FBF668FB7230}
		{71D24D45-7162-4AA4-ACC0-B435EC43FBDA} = {AEB6C64A-3447-4FB2-A74A-FBF668FB7230}
		{1A698816-A1CF-4CF1-8653-B80D4CE81A17} = {AEB6C64A-3447-4FB2-A74A-FBF668FB7230}
		{72337D6C-4042-4D85-9CB9-5ABF56BA3F96} = {A3B9B286-DC38-4224-AC0D-F6FAE15E3115}
		{10A0BA45-8E42-4C0A-9574-91E0E9407FFF} = {AEB6C64A-3447-4FB2-A74A-FBF668FB7230}
		{9BDCCC8C-66CB-43FA-BCE0-E0EDAC4E3E37} = {AEB6C64A-3447-4FB2-A74A-FBF668FB7230}
		{F6D7DE55-6DC7-4076-AA9B-3DB39E18A363} = {80FC6ACF-7AC5-4100-B850-65A2F0EE878A}
		{114C340C-779A-45D5-B92D-CD76B97C6C06} = {A3B9B286-DC38-4224-AC0D-F6FAE15E3115}
		{1EEBC39F-842F-4EDC-9A28-44D80FB1CE67} = {A3B9B286-DC38-4224-AC0D-F6FAE15E3115}
		{3B7F832F-D229-47BF-A8DE-D8C3CED262C8} = {80FC6ACF-7AC5-4100-B850-65A2F0EE878A}
	EndGlobalSection
	GlobalSection(ExtensibilityGlobals) = postSolution
		SolutionGuid = {C385E97C-BF8E-47D1-8F0F-73B201ED3405}
	EndGlobalSection
EndGlobal
