
Microsoft Visual Studio Solution File, Format Version 12.00
# Visual Studio Version 16
VisualStudioVersion = 16.0.28803.352
MinimumVisualStudioVersion = 10.0.40219.1
Project("{9A19103F-16F7-4668-BE54-9A1E7A4F7556}") = "MeowvBlog.Core", "MeowvBlog.Core\MeowvBlog.Core.csproj", "{71D24D45-7162-4AA4-ACC0-B435EC43FBDA}"
EndProject
Project("{9A19103F-16F7-4668-BE54-9A1E7A4F7556}") = "MeowvBlog.Data", "MeowvBlog.Data\MeowvBlog.Data.csproj", "{E9F10D81-E1DC-43D9-934D-FB65BC9F78AD}"
EndProject
Project("{9A19103F-16F7-4668-BE54-9A1E7A4F7556}") = "MeowvBlog.Services", "MeowvBlog.Services\MeowvBlog.Services.csproj", "{D975AF81-8872-439D-9F1B-3137C29CAEFF}"
EndProject
Project("{9A19103F-16F7-4668-BE54-9A1E7A4F7556}") = "MeowvBlog.Repositories", "MeowvBlog.Repositories\MeowvBlog.Repositories.csproj", "{8A41F3B2-0AA1-4939-AF2D-7E5D45FD4D00}"
EndProject
Project("{9A19103F-16F7-4668-BE54-9A1E7A4F7556}") = "MeowvBlog.Web", "MeowvBlog.Web\MeowvBlog.Web.csproj", "{F7756532-950B-43F3-BE70-0AFFB278A7D8}"
EndProject
Project("{9A19103F-16F7-4668-BE54-9A1E7A4F7556}") = "MeowvBlog.Tests", "MeowvBlog.Tests\MeowvBlog.Tests.csproj", "{0FE9E0A4-6135-4EE3-9D48-6D5D21419CEB}"
EndProject
Project("{9A19103F-16F7-4668-BE54-9A1E7A4F7556}") = "MeowvBlog.Common", "MeowvBlog.Common\MeowvBlog.Common.csproj", "{BAB8AA65-C8CD-46AE-8E6A-8770F4B1BB47}"
EndProject
Global
	GlobalSection(SolutionConfigurationPlatforms) = preSolution
		Debug|Any CPU = Debug|Any CPU
		Release|Any CPU = Release|Any CPU
	EndGlobalSection
	GlobalSection(ProjectConfigurationPlatforms) = postSolution
		{71D24D45-7162-4AA4-ACC0-B435EC43FBDA}.Debug|Any CPU.ActiveCfg = Debug|Any CPU
		{71D24D45-7162-4AA4-ACC0-B435EC43FBDA}.Debug|Any CPU.Build.0 = Debug|Any CPU
		{71D24D45-7162-4AA4-ACC0-B435EC43FBDA}.Release|Any CPU.ActiveCfg = Release|Any CPU
		{71D24D45-7162-4AA4-ACC0-B435EC43FBDA}.Release|Any CPU.Build.0 = Release|Any CPU
		{E9F10D81-E1DC-43D9-934D-FB65BC9F78AD}.Debug|Any CPU.ActiveCfg = Debug|Any CPU
		{E9F10D81-E1DC-43D9-934D-FB65BC9F78AD}.Debug|Any CPU.Build.0 = Debug|Any CPU
		{E9F10D81-E1DC-43D9-934D-FB65BC9F78AD}.Release|Any CPU.ActiveCfg = Release|Any CPU
		{E9F10D81-E1DC-43D9-934D-FB65BC9F78AD}.Release|Any CPU.Build.0 = Release|Any CPU
		{D975AF81-8872-439D-9F1B-3137C29CAEFF}.Debug|Any CPU.ActiveCfg = Debug|Any CPU
		{D975AF81-8872-439D-9F1B-3137C29CAEFF}.Debug|Any CPU.Build.0 = Debug|Any CPU
		{D975AF81-8872-439D-9F1B-3137C29CAEFF}.Release|Any CPU.ActiveCfg = Release|Any CPU
		{D975AF81-8872-439D-9F1B-3137C29CAEFF}.Release|Any CPU.Build.0 = Release|Any CPU
		{8A41F3B2-0AA1-4939-AF2D-7E5D45FD4D00}.Debug|Any CPU.ActiveCfg = Debug|Any CPU
		{8A41F3B2-0AA1-4939-AF2D-7E5D45FD4D00}.Debug|Any CPU.Build.0 = Debug|Any CPU
		{8A41F3B2-0AA1-4939-AF2D-7E5D45FD4D00}.Release|Any CPU.ActiveCfg = Release|Any CPU
		{8A41F3B2-0AA1-4939-AF2D-7E5D45FD4D00}.Release|Any CPU.Build.0 = Release|Any CPU
		{F7756532-950B-43F3-BE70-0AFFB278A7D8}.Debug|Any CPU.ActiveCfg = Debug|Any CPU
		{F7756532-950B-43F3-BE70-0AFFB278A7D8}.Debug|Any CPU.Build.0 = Debug|Any CPU
		{F7756532-950B-43F3-BE70-0AFFB278A7D8}.Release|Any CPU.ActiveCfg = Release|Any CPU
		{F7756532-950B-43F3-BE70-0AFFB278A7D8}.Release|Any CPU.Build.0 = Release|Any CPU
		{0FE9E0A4-6135-4EE3-9D48-6D5D21419CEB}.Debug|Any CPU.ActiveCfg = Debug|Any CPU
		{0FE9E0A4-6135-4EE3-9D48-6D5D21419CEB}.Debug|Any CPU.Build.0 = Debug|Any CPU
		{0FE9E0A4-6135-4EE3-9D48-6D5D21419CEB}.Release|Any CPU.ActiveCfg = Release|Any CPU
		{0FE9E0A4-6135-4EE3-9D48-6D5D21419CEB}.Release|Any CPU.Build.0 = Release|Any CPU
		{BAB8AA65-C8CD-46AE-8E6A-8770F4B1BB47}.Debug|Any CPU.ActiveCfg = Debug|Any CPU
		{BAB8AA65-C8CD-46AE-8E6A-8770F4B1BB47}.Debug|Any CPU.Build.0 = Debug|Any CPU
		{BAB8AA65-C8CD-46AE-8E6A-8770F4B1BB47}.Release|Any CPU.ActiveCfg = Release|Any CPU
		{BAB8AA65-C8CD-46AE-8E6A-8770F4B1BB47}.Release|Any CPU.Build.0 = Release|Any CPU
	EndGlobalSection
	GlobalSection(SolutionProperties) = preSolution
		HideSolutionNode = FALSE
	EndGlobalSection
	GlobalSection(ExtensibilityGlobals) = postSolution
		SolutionGuid = {C385E97C-BF8E-47D1-8F0F-73B201ED3405}
	EndGlobalSection
EndGlobal
