
Microsoft Visual Studio Solution File, Format Version 12.00
# Visual Studio Version 16
VisualStudioVersion = 16.0.28803.352
MinimumVisualStudioVersion = 10.0.40219.1
Project("{2150E333-8FDC-42A3-9474-1A3956D46DE8}") = "1_Web", "1_Web", "{F020E6AD-E7AE-4824-9CC7-BB7529537AB6}"
EndProject
Project("{2150E333-8FDC-42A3-9474-1A3956D46DE8}") = "2_Application", "2_Application", "{9B4E10CE-4B38-4DA7-9568-694E5F664123}"
EndProject
Project("{2150E333-8FDC-42A3-9474-1A3956D46DE8}") = "3_Repository", "3_Repository", "{CB0D8736-4100-4B84-8623-522BB8E07937}"
EndProject
Project("{2150E333-8FDC-42A3-9474-1A3956D46DE8}") = "4_Entity", "4_Entity", "{55CCFFBA-6AAA-49E2-994F-D87D2700F856}"
EndProject
Project("{2150E333-8FDC-42A3-9474-1A3956D46DE8}") = "5_Infrastructure", "5_Infrastructure", "{B4D7AC97-B7FC-4DD9-8ECC-A4EC1C847EF8}"
EndProject
Project("{2150E333-8FDC-42A3-9474-1A3956D46DE8}") = "6_Tests", "6_Tests", "{E071F940-A21D-48BB-98F2-E9D85AABFB53}"
EndProject
Project("{9A19103F-16F7-4668-BE54-9A1E7A4F7556}") = "MeowvBlog.Web", "MeowvBlog.Web\MeowvBlog.Web.csproj", "{F7756532-950B-43F3-BE70-0AFFB278A7D8}"
EndProject
Project("{9A19103F-16F7-4668-BE54-9A1E7A4F7556}") = "MeowvBlog.IServices", "MeowvBlog.IServices\MeowvBlog.IServices.csproj", "{BE73FDAE-D7ED-48B9-AF98-2D5FB13D0982}"
EndProject
Project("{9A19103F-16F7-4668-BE54-9A1E7A4F7556}") = "MeowvBlog.Services", "MeowvBlog.Services\MeowvBlog.Services.csproj", "{D975AF81-8872-439D-9F1B-3137C29CAEFF}"
EndProject
Project("{9A19103F-16F7-4668-BE54-9A1E7A4F7556}") = "MeowvBlog.IRepository", "MeowvBlog.IRepository\MeowvBlog.IRepository.csproj", "{14818B72-7568-4C02-A862-6AFE62DCD76C}"
EndProject
Project("{9A19103F-16F7-4668-BE54-9A1E7A4F7556}") = "MeowvBlog.Repository.MongoDb", "MeowvBlog.Repository.MongoDb\MeowvBlog.Repository.MongoDb.csproj", "{459C83F0-B84D-4B96-B9B4-23EB7E22F09C}"
EndProject
Project("{9A19103F-16F7-4668-BE54-9A1E7A4F7556}") = "MeowvBlog.Repository.MySql", "MeowvBlog.Repository.MySql\MeowvBlog.Repository.MySql.csproj", "{CC4FAC74-471E-4353-B242-B6C8915DBC76}"
EndProject
Project("{9A19103F-16F7-4668-BE54-9A1E7A4F7556}") = "MeowvBlog.Repository.SqlServer", "MeowvBlog.Repository.SqlServer\MeowvBlog.Repository.SqlServer.csproj", "{05359017-6F2F-45AA-9C10-7D37D0B455D4}"
EndProject
Project("{9A19103F-16F7-4668-BE54-9A1E7A4F7556}") = "MeowvBlog.Dtos", "MeowvBlog.Dtos\MeowvBlog.Dtos.csproj", "{4E46BF5E-D483-4472-9AF2-2116C2860D86}"
EndProject
Project("{9A19103F-16F7-4668-BE54-9A1E7A4F7556}") = "MeowvBlog.Models", "MeowvBlog.Models\MeowvBlog.Models.csproj", "{86794DC7-37BF-4116-90AE-18755904B9B1}"
EndProject
Project("{9A19103F-16F7-4668-BE54-9A1E7A4F7556}") = "MeowvBlog.Authentication", "MeowvBlog.Authentication\MeowvBlog.Authentication.csproj", "{F90F6A3A-B276-424B-B84A-24EFA744AF99}"
EndProject
Project("{9A19103F-16F7-4668-BE54-9A1E7A4F7556}") = "MeowvBlog.AutoMapper", "MeowvBlog.AutoMapper\MeowvBlog.AutoMapper.csproj", "{70D11E3C-E071-460E-A144-2FCE4352E84A}"
EndProject
Project("{9A19103F-16F7-4668-BE54-9A1E7A4F7556}") = "MeowvBlog.Caches", "MeowvBlog.Caches\MeowvBlog.Caches.csproj", "{265505FF-67A6-4247-892F-B0B9CF7B9BAF}"
EndProject
Project("{9A19103F-16F7-4668-BE54-9A1E7A4F7556}") = "MeowvBlog.Captcha", "MeowvBlog.Captcha\MeowvBlog.Captcha.csproj", "{1D07B832-E61E-4235-B845-602BF1A69A53}"
EndProject
Project("{9A19103F-16F7-4668-BE54-9A1E7A4F7556}") = "MeowvBlog.Core", "MeowvBlog.Core\MeowvBlog.Core.csproj", "{71D24D45-7162-4AA4-ACC0-B435EC43FBDA}"
EndProject
Project("{9A19103F-16F7-4668-BE54-9A1E7A4F7556}") = "MeowvBlog.Extensions", "MeowvBlog.Extensions\MeowvBlog.Extensions.csproj", "{1A698816-A1CF-4CF1-8653-B80D4CE81A17}"
EndProject
Project("{9A19103F-16F7-4668-BE54-9A1E7A4F7556}") = "MeowvBlog.Tests", "MeowvBlog.Tests\MeowvBlog.Tests.csproj", "{0FE9E0A4-6135-4EE3-9D48-6D5D21419CEB}"
EndProject
Project("{9A19103F-16F7-4668-BE54-9A1E7A4F7556}") = "MeowvBlog.Entities", "MeowvBlog.Entities\MeowvBlog.Entities.csproj", "{72337D6C-4042-4D85-9CB9-5ABF56BA3F96}"
EndProject
Project("{FAE04EC0-301F-11D3-BF4B-00C04F79EFBC}") = "MeowvBlog.CodeAnnotations", "MeowvBlog.CodeAnnotations\MeowvBlog.CodeAnnotations.csproj", "{10A0BA45-8E42-4C0A-9574-91E0E9407FFF}"
EndProject
Global
	GlobalSection(SolutionConfigurationPlatforms) = preSolution
		Debug|Any CPU = Debug|Any CPU
		Release|Any CPU = Release|Any CPU
	EndGlobalSection
	GlobalSection(ProjectConfigurationPlatforms) = postSolution
		{F7756532-950B-43F3-BE70-0AFFB278A7D8}.Debug|Any CPU.ActiveCfg = Debug|Any CPU
		{F7756532-950B-43F3-BE70-0AFFB278A7D8}.Debug|Any CPU.Build.0 = Debug|Any CPU
		{F7756532-950B-43F3-BE70-0AFFB278A7D8}.Release|Any CPU.ActiveCfg = Release|Any CPU
		{F7756532-950B-43F3-BE70-0AFFB278A7D8}.Release|Any CPU.Build.0 = Release|Any CPU
		{BE73FDAE-D7ED-48B9-AF98-2D5FB13D0982}.Debug|Any CPU.ActiveCfg = Debug|Any CPU
		{BE73FDAE-D7ED-48B9-AF98-2D5FB13D0982}.Debug|Any CPU.Build.0 = Debug|Any CPU
		{BE73FDAE-D7ED-48B9-AF98-2D5FB13D0982}.Release|Any CPU.ActiveCfg = Release|Any CPU
		{BE73FDAE-D7ED-48B9-AF98-2D5FB13D0982}.Release|Any CPU.Build.0 = Release|Any CPU
		{D975AF81-8872-439D-9F1B-3137C29CAEFF}.Debug|Any CPU.ActiveCfg = Debug|Any CPU
		{D975AF81-8872-439D-9F1B-3137C29CAEFF}.Debug|Any CPU.Build.0 = Debug|Any CPU
		{D975AF81-8872-439D-9F1B-3137C29CAEFF}.Release|Any CPU.ActiveCfg = Release|Any CPU
		{D975AF81-8872-439D-9F1B-3137C29CAEFF}.Release|Any CPU.Build.0 = Release|Any CPU
		{14818B72-7568-4C02-A862-6AFE62DCD76C}.Debug|Any CPU.ActiveCfg = Debug|Any CPU
		{14818B72-7568-4C02-A862-6AFE62DCD76C}.Debug|Any CPU.Build.0 = Debug|Any CPU
		{14818B72-7568-4C02-A862-6AFE62DCD76C}.Release|Any CPU.ActiveCfg = Release|Any CPU
		{14818B72-7568-4C02-A862-6AFE62DCD76C}.Release|Any CPU.Build.0 = Release|Any CPU
		{459C83F0-B84D-4B96-B9B4-23EB7E22F09C}.Debug|Any CPU.ActiveCfg = Debug|Any CPU
		{459C83F0-B84D-4B96-B9B4-23EB7E22F09C}.Debug|Any CPU.Build.0 = Debug|Any CPU
		{459C83F0-B84D-4B96-B9B4-23EB7E22F09C}.Release|Any CPU.ActiveCfg = Release|Any CPU
		{459C83F0-B84D-4B96-B9B4-23EB7E22F09C}.Release|Any CPU.Build.0 = Release|Any CPU
		{CC4FAC74-471E-4353-B242-B6C8915DBC76}.Debug|Any CPU.ActiveCfg = Debug|Any CPU
		{CC4FAC74-471E-4353-B242-B6C8915DBC76}.Debug|Any CPU.Build.0 = Debug|Any CPU
		{CC4FAC74-471E-4353-B242-B6C8915DBC76}.Release|Any CPU.ActiveCfg = Release|Any CPU
		{CC4FAC74-471E-4353-B242-B6C8915DBC76}.Release|Any CPU.Build.0 = Release|Any CPU
		{05359017-6F2F-45AA-9C10-7D37D0B455D4}.Debug|Any CPU.ActiveCfg = Debug|Any CPU
		{05359017-6F2F-45AA-9C10-7D37D0B455D4}.Debug|Any CPU.Build.0 = Debug|Any CPU
		{05359017-6F2F-45AA-9C10-7D37D0B455D4}.Release|Any CPU.ActiveCfg = Release|Any CPU
		{05359017-6F2F-45AA-9C10-7D37D0B455D4}.Release|Any CPU.Build.0 = Release|Any CPU
		{4E46BF5E-D483-4472-9AF2-2116C2860D86}.Debug|Any CPU.ActiveCfg = Debug|Any CPU
		{4E46BF5E-D483-4472-9AF2-2116C2860D86}.Debug|Any CPU.Build.0 = Debug|Any CPU
		{4E46BF5E-D483-4472-9AF2-2116C2860D86}.Release|Any CPU.ActiveCfg = Release|Any CPU
		{4E46BF5E-D483-4472-9AF2-2116C2860D86}.Release|Any CPU.Build.0 = Release|Any CPU
		{86794DC7-37BF-4116-90AE-18755904B9B1}.Debug|Any CPU.ActiveCfg = Debug|Any CPU
		{86794DC7-37BF-4116-90AE-18755904B9B1}.Debug|Any CPU.Build.0 = Debug|Any CPU
		{86794DC7-37BF-4116-90AE-18755904B9B1}.Release|Any CPU.ActiveCfg = Release|Any CPU
		{86794DC7-37BF-4116-90AE-18755904B9B1}.Release|Any CPU.Build.0 = Release|Any CPU
		{F90F6A3A-B276-424B-B84A-24EFA744AF99}.Debug|Any CPU.ActiveCfg = Debug|Any CPU
		{F90F6A3A-B276-424B-B84A-24EFA744AF99}.Debug|Any CPU.Build.0 = Debug|Any CPU
		{F90F6A3A-B276-424B-B84A-24EFA744AF99}.Release|Any CPU.ActiveCfg = Release|Any CPU
		{F90F6A3A-B276-424B-B84A-24EFA744AF99}.Release|Any CPU.Build.0 = Release|Any CPU
		{70D11E3C-E071-460E-A144-2FCE4352E84A}.Debug|Any CPU.ActiveCfg = Debug|Any CPU
		{70D11E3C-E071-460E-A144-2FCE4352E84A}.Debug|Any CPU.Build.0 = Debug|Any CPU
		{70D11E3C-E071-460E-A144-2FCE4352E84A}.Release|Any CPU.ActiveCfg = Release|Any CPU
		{70D11E3C-E071-460E-A144-2FCE4352E84A}.Release|Any CPU.Build.0 = Release|Any CPU
		{265505FF-67A6-4247-892F-B0B9CF7B9BAF}.Debug|Any CPU.ActiveCfg = Debug|Any CPU
		{265505FF-67A6-4247-892F-B0B9CF7B9BAF}.Debug|Any CPU.Build.0 = Debug|Any CPU
		{265505FF-67A6-4247-892F-B0B9CF7B9BAF}.Release|Any CPU.ActiveCfg = Release|Any CPU
		{265505FF-67A6-4247-892F-B0B9CF7B9BAF}.Release|Any CPU.Build.0 = Release|Any CPU
		{1D07B832-E61E-4235-B845-602BF1A69A53}.Debug|Any CPU.ActiveCfg = Debug|Any CPU
		{1D07B832-E61E-4235-B845-602BF1A69A53}.Debug|Any CPU.Build.0 = Debug|Any CPU
		{1D07B832-E61E-4235-B845-602BF1A69A53}.Release|Any CPU.ActiveCfg = Release|Any CPU
		{1D07B832-E61E-4235-B845-602BF1A69A53}.Release|Any CPU.Build.0 = Release|Any CPU
		{71D24D45-7162-4AA4-ACC0-B435EC43FBDA}.Debug|Any CPU.ActiveCfg = Debug|Any CPU
		{71D24D45-7162-4AA4-ACC0-B435EC43FBDA}.Debug|Any CPU.Build.0 = Debug|Any CPU
		{71D24D45-7162-4AA4-ACC0-B435EC43FBDA}.Release|Any CPU.ActiveCfg = Release|Any CPU
		{71D24D45-7162-4AA4-ACC0-B435EC43FBDA}.Release|Any CPU.Build.0 = Release|Any CPU
		{1A698816-A1CF-4CF1-8653-B80D4CE81A17}.Debug|Any CPU.ActiveCfg = Debug|Any CPU
		{1A698816-A1CF-4CF1-8653-B80D4CE81A17}.Debug|Any CPU.Build.0 = Debug|Any CPU
		{1A698816-A1CF-4CF1-8653-B80D4CE81A17}.Release|Any CPU.ActiveCfg = Release|Any CPU
		{1A698816-A1CF-4CF1-8653-B80D4CE81A17}.Release|Any CPU.Build.0 = Release|Any CPU
		{0FE9E0A4-6135-4EE3-9D48-6D5D21419CEB}.Debug|Any CPU.ActiveCfg = Debug|Any CPU
		{0FE9E0A4-6135-4EE3-9D48-6D5D21419CEB}.Debug|Any CPU.Build.0 = Debug|Any CPU
		{0FE9E0A4-6135-4EE3-9D48-6D5D21419CEB}.Release|Any CPU.ActiveCfg = Release|Any CPU
		{0FE9E0A4-6135-4EE3-9D48-6D5D21419CEB}.Release|Any CPU.Build.0 = Release|Any CPU
		{72337D6C-4042-4D85-9CB9-5ABF56BA3F96}.Debug|Any CPU.ActiveCfg = Debug|Any CPU
		{72337D6C-4042-4D85-9CB9-5ABF56BA3F96}.Debug|Any CPU.Build.0 = Debug|Any CPU
		{72337D6C-4042-4D85-9CB9-5ABF56BA3F96}.Release|Any CPU.ActiveCfg = Release|Any CPU
		{72337D6C-4042-4D85-9CB9-5ABF56BA3F96}.Release|Any CPU.Build.0 = Release|Any CPU
		{10A0BA45-8E42-4C0A-9574-91E0E9407FFF}.Debug|Any CPU.ActiveCfg = Debug|Any CPU
		{10A0BA45-8E42-4C0A-9574-91E0E9407FFF}.Debug|Any CPU.Build.0 = Debug|Any CPU
		{10A0BA45-8E42-4C0A-9574-91E0E9407FFF}.Release|Any CPU.ActiveCfg = Release|Any CPU
		{10A0BA45-8E42-4C0A-9574-91E0E9407FFF}.Release|Any CPU.Build.0 = Release|Any CPU
	EndGlobalSection
	GlobalSection(SolutionProperties) = preSolution
		HideSolutionNode = FALSE
	EndGlobalSection
	GlobalSection(NestedProjects) = preSolution
		{F7756532-950B-43F3-BE70-0AFFB278A7D8} = {F020E6AD-E7AE-4824-9CC7-BB7529537AB6}
		{BE73FDAE-D7ED-48B9-AF98-2D5FB13D0982} = {9B4E10CE-4B38-4DA7-9568-694E5F664123}
		{D975AF81-8872-439D-9F1B-3137C29CAEFF} = {9B4E10CE-4B38-4DA7-9568-694E5F664123}
		{14818B72-7568-4C02-A862-6AFE62DCD76C} = {CB0D8736-4100-4B84-8623-522BB8E07937}
		{459C83F0-B84D-4B96-B9B4-23EB7E22F09C} = {CB0D8736-4100-4B84-8623-522BB8E07937}
		{CC4FAC74-471E-4353-B242-B6C8915DBC76} = {CB0D8736-4100-4B84-8623-522BB8E07937}
		{05359017-6F2F-45AA-9C10-7D37D0B455D4} = {CB0D8736-4100-4B84-8623-522BB8E07937}
		{4E46BF5E-D483-4472-9AF2-2116C2860D86} = {55CCFFBA-6AAA-49E2-994F-D87D2700F856}
		{86794DC7-37BF-4116-90AE-18755904B9B1} = {55CCFFBA-6AAA-49E2-994F-D87D2700F856}
		{F90F6A3A-B276-424B-B84A-24EFA744AF99} = {B4D7AC97-B7FC-4DD9-8ECC-A4EC1C847EF8}
		{70D11E3C-E071-460E-A144-2FCE4352E84A} = {B4D7AC97-B7FC-4DD9-8ECC-A4EC1C847EF8}
		{265505FF-67A6-4247-892F-B0B9CF7B9BAF} = {B4D7AC97-B7FC-4DD9-8ECC-A4EC1C847EF8}
		{1D07B832-E61E-4235-B845-602BF1A69A53} = {B4D7AC97-B7FC-4DD9-8ECC-A4EC1C847EF8}
		{71D24D45-7162-4AA4-ACC0-B435EC43FBDA} = {B4D7AC97-B7FC-4DD9-8ECC-A4EC1C847EF8}
		{1A698816-A1CF-4CF1-8653-B80D4CE81A17} = {B4D7AC97-B7FC-4DD9-8ECC-A4EC1C847EF8}
		{0FE9E0A4-6135-4EE3-9D48-6D5D21419CEB} = {E071F940-A21D-48BB-98F2-E9D85AABFB53}
		{72337D6C-4042-4D85-9CB9-5ABF56BA3F96} = {55CCFFBA-6AAA-49E2-994F-D87D2700F856}
		{10A0BA45-8E42-4C0A-9574-91E0E9407FFF} = {B4D7AC97-B7FC-4DD9-8ECC-A4EC1C847EF8}
	EndGlobalSection
	GlobalSection(ExtensibilityGlobals) = postSolution
		SolutionGuid = {C385E97C-BF8E-47D1-8F0F-73B201ED3405}
	EndGlobalSection
EndGlobal
